
Microsoft Visual Studio Solution File, Format Version 12.00
# Visual Studio Version 16
VisualStudioVersion = 16.0.31702.278
MinimumVisualStudioVersion = 10.0.40219.1
Project("{E24C65DC-7377-472B-9ABA-BC803B73C61A}") = "Join8899", ".", "{A2C22CEE-C82C-42A0-B46E-A0C92DE4EB8E}"
	ProjectSection(WebsiteProperties) = preProject
		TargetFrameworkMoniker = ".NETFramework,Version%3Dv4.7.1"
		Debug.AspNetCompiler.VirtualPath = "/localhost_10226"
		Debug.AspNetCompiler.PhysicalPath = "..\Join8899\"
		Debug.AspNetCompiler.TargetPath = "PrecompiledWeb\localhost_10226\"
		Debug.AspNetCompiler.Updateable = "true"
		Debug.AspNetCompiler.ForceOverwrite = "true"
		Debug.AspNetCompiler.FixedNames = "false"
		Debug.AspNetCompiler.Debug = "True"
		Release.AspNetCompiler.VirtualPath = "/localhost_10226"
		Release.AspNetCompiler.PhysicalPath = "..\Join8899\"
		Release.AspNetCompiler.TargetPath = "PrecompiledWeb\localhost_10226\"
		Release.AspNetCompiler.Updateable = "true"
		Release.AspNetCompiler.ForceOverwrite = "true"
		Release.AspNetCompiler.FixedNames = "false"
		Release.AspNetCompiler.Debug = "False"
		VWDPort = "10226"
	EndProjectSection
EndProject
Global
	GlobalSection(SolutionConfigurationPlatforms) = preSolution
		Debug|Any CPU = Debug|Any CPU
	EndGlobalSection
	GlobalSection(ProjectConfigurationPlatforms) = postSolution
		{A2C22CEE-C82C-42A0-B46E-A0C92DE4EB8E}.Debug|Any CPU.ActiveCfg = Debug|Any CPU
		{A2C22CEE-C82C-42A0-B46E-A0C92DE4EB8E}.Debug|Any CPU.Build.0 = Debug|Any CPU
	EndGlobalSection
	GlobalSection(SolutionProperties) = preSolution
		HideSolutionNode = FALSE
	EndGlobalSection
	GlobalSection(ExtensibilityGlobals) = postSolution
		SolutionGuid = {C7125ECB-C130-46CE-81FC-96D59361D5C4}
	EndGlobalSection
EndGlobal
